dependencies:
- name: redis
  repository: oci://registry-1.docker.io/bitnamicharts
  version: 18.0.1
- name: postgresql
  repository: oci://registry-1.docker.io/bitnamicharts
  version: 12.10.0
- name: common
  repository: oci://registry-1.docker.io/bitnamicharts
  version: 2.9.2
digest: sha256:e72d980ba9287a1c5b963c2d97b6868537157bc721b9baddf73a6cb7fb959740
generated: "2023-09-03T16:38:51.967779434+08:00"
